// !$*UTF8*$!
{
	archiveVersion = 1;
	classes = {
	};
	objectVersion = 50;
	objects = {

/* Begin PBXBuildFile section */
		62B3AC7024A9D63A00F8617D /* main.cpp in Sources */ = {isa = PBXBuildFile; fileRef = 62B3AC6F24A9D63A00F8617D /* main.cpp */; };
		62B3AC8624A9DED600F8617D /* DCELformTransfer.cpp in Sources */ = {isa = PBXBuildFile; fileRef = 62B3AC8024A9DED500F8617D /* DCELformTransfer.cpp */; };
		62B3AC8724A9DED600F8617D /* CentroidComputing.cpp in Sources */ = {isa = PBXBuildFile; fileRef = 62B3AC8124A9DED500F8617D /* CentroidComputing.cpp */; };
		62B3AC8824A9DED600F8617D /* RootTransformation.cpp in Sources */ = {isa = PBXBuildFile; fileRef = 62B3AC8324A9DED500F8617D /* RootTransformation.cpp */; };
/* End PBXBuildFile section */

/* Begin PBXCopyFilesBuildPhase section */
		62B3AC6A24A9D63A00F8617D /* CopyFiles */ = {
			isa = PBXCopyFilesBuildPhase;
			buildActionMask = 2147483647;
			dstPath = /usr/share/man/man1/;
			dstSubfolderSpec = 0;
			files = (
			);
			runOnlyForDeploymentPostprocessing = 1;
		};
/* End PBXCopyFilesBuildPhase section */

/* Begin PBXFileReference section */
		62B3AC6C24A9D63A00F8617D /* CanonicalFormComputing_mac */ = {isa = PBXFileReference; explicitFileType = "compiled.mach-o.executable"; includeInIndex = 0; path = CanonicalFormComputing_mac; sourceTree = BUILT_PRODUCTS_DIR; };
		62B3AC6F24A9D63A00F8617D /* main.cpp */ = {isa = PBXFileReference; lastKnownFileType = sourcecode.cpp.cpp; path = main.cpp; sourceTree = "<group>"; };
		62B3AC8024A9DED500F8617D /* DCELformTransfer.cpp */ = {isa = PBXFileReference; fileEncoding = 4; lastKnownFileType = sourcecode.cpp.cpp; path = DCELformTransfer.cpp; sourceTree = "<group>"; };
		62B3AC8124A9DED500F8617D /* CentroidComputing.cpp */ = {isa = PBXFileReference; fileEncoding = 4; lastKnownFileType = sourcecode.cpp.cpp; path = CentroidComputing.cpp; sourceTree = "<group>"; };
		62B3AC8224A9DED500F8617D /* DCELformTransfer.h */ = {isa = PBXFileReference; fileEncoding = 4; lastKnownFileType = sourcecode.c.h; path = DCELformTransfer.h; sourceTree = "<group>"; };
		62B3AC8324A9DED500F8617D /* RootTransformation.cpp */ = {isa = PBXFileReference; fileEncoding = 4; lastKnownFileType = sourcecode.cpp.cpp; path = RootTransformation.cpp; sourceTree = "<group>"; };
		62B3AC8424A9DED500F8617D /* RootTransformation.h */ = {isa = PBXFileReference; fileEncoding = 4; lastKnownFileType = sourcecode.c.h; path = RootTransformation.h; sourceTree = "<group>"; };
		62B3AC8524A9DED600F8617D /* CentroidComputing.h */ = {isa = PBXFileReference; fileEncoding = 4; lastKnownFileType = sourcecode.c.h; path = CentroidComputing.h; sourceTree = "<group>"; };
/* End PBXFileReference section */

/* Begin PBXFrameworksBuildPhase section */
		62B3AC6924A9D63A00F8617D /* Frameworks */ = {
			isa = PBXFrameworksBuildPhase;
			buildActionMask = 2147483647;
			files = (
			);
			runOnlyForDeploymentPostprocessing = 0;
		};
/* End PBXFrameworksBuildPhase section */

/* Begin PBXGroup section */
		62B3AC6324A9D63A00F8617D = {
			isa = PBXGroup;
			children = (
				62B3AC6E24A9D63A00F8617D /* CanonicalFormComputing_mac */,
				62B3AC6D24A9D63A00F8617D /* Products */,
			);
			sourceTree = "<group>";
		};
		62B3AC6D24A9D63A00F8617D /* Products */ = {
			isa = PBXGroup;
			children = (
				62B3AC6C24A9D63A00F8617D /* CanonicalFormComputing_mac */,
			);
			name = Products;
			sourceTree = "<group>";
		};
		62B3AC6E24A9D63A00F8617D /* CanonicalFormComputing_mac */ = {
			isa = PBXGroup;
			children = (
				62B3AC6F24A9D63A00F8617D /* main.cpp */,
				62B3AC8124A9DED500F8617D /* CentroidComputing.cpp */,
				62B3AC8524A9DED600F8617D /* CentroidComputing.h */,
				62B3AC8024A9DED500F8617D /* DCELformTransfer.cpp */,
				62B3AC8224A9DED500F8617D /* DCELformTransfer.h */,
				62B3AC8324A9DED500F8617D /* RootTransformation.cpp */,
				62B3AC8424A9DED500F8617D /* RootTransformation.h */,
			);
			path = CanonicalFormComputing_mac;
			sourceTree = "<group>";
		};
/* End PBXGroup section */

/* Begin PBXNativeTarget section */
		62B3AC6B24A9D63A00F8617D /* CanonicalFormComputing_mac */ = {
			isa = PBXNativeTarget;
			buildConfigurationList = 62B3AC7324A9D63A00F8617D /* Build configuration list for PBXNativeTarget "CanonicalFormComputing_mac" */;
			buildPhases = (
				62B3AC6824A9D63A00F8617D /* Sources */,
				62B3AC6924A9D63A00F8617D /* Frameworks */,
				62B3AC6A24A9D63A00F8617D /* CopyFiles */,
			);
			buildRules = (
			);
			dependencies = (
			);
			name = CanonicalFormComputing_mac;
			productName = CanonicalFormComputing_mac;
			productReference = 62B3AC6C24A9D63A00F8617D /* CanonicalFormComputing_mac */;
			productType = "com.apple.product-type.tool";
		};
/* End PBXNativeTarget section */

/* Begin PBXProject section */
		62B3AC6424A9D63A00F8617D /* Project object */ = {
			isa = PBXProject;
			attributes = {
				LastUpgradeCheck = 1010;
				ORGANIZATIONNAME = "Feiqi Wang";
				TargetAttributes = {
					62B3AC6B24A9D63A00F8617D = {
						CreatedOnToolsVersion = 10.1;
					};
				};
			};
			buildConfigurationList = 62B3AC6724A9D63A00F8617D /* Build configuration list for PBXProject "CanonicalFormComputing_mac" */;
			compatibilityVersion = "Xcode 9.3";
			developmentRegion = en;
			hasScannedForEncodings = 0;
			knownRegions = (
				en,
			);
			mainGroup = 62B3AC6324A9D63A00F8617D;
			productRefGroup = 62B3AC6D24A9D63A00F8617D /* Products */;
			projectDirPath = "";
			projectRoot = "";
			targets = (
				62B3AC6B24A9D63A00F8617D /* CanonicalFormComputing_mac */,
			);
		};
/* End PBXProject section */

/* Begin PBXSourcesBuildPhase section */
		62B3AC6824A9D63A00F8617D /* Sources */ = {
			isa = PBXSourcesBuildPhase;
			buildActionMask = 2147483647;
			files = (
				62B3AC8624A9DED600F8617D /* DCELformTransfer.cpp in Sources */,
				62B3AC8724A9DED600F8617D /* CentroidComputing.cpp in Sources */,
				62B3AC8824A9DED600F8617D /* RootTransformation.cpp in Sources */,
				62B3AC7024A9D63A00F8617D /* main.cpp in Sources */,
			);
			runOnlyForDeploymentPostprocessing = 0;
		};
/* End PBXSourcesBuildPhase section */

/* Begin XCBuildConfiguration section */
		62B3AC7124A9D63A00F8617D /* Debug */ = {
			isa = XCBuildConfiguration;
			buildSettings = {
				ALWAYS_SEARCH_USER_PATHS = NO;
				CLANG_ANALYZER_NONNULL = YES;
				CLANG_ANALYZER_NUMBER_OBJECT_CONVERSION = YES_AGGRESSIVE;
				CLANG_CXX_LANGUAGE_STANDARD = "gnu++14";
				CLANG_CXX_LIBRARY = "libc++";
				CLANG_ENABLE_MODULES = YES;
				CLANG_ENABLE_OBJC_ARC = YES;
				CLANG_ENABLE_OBJC_WEAK = YES;
				CLANG_WARN_BLOCK_CAPTURE_AUTORELEASING = YES;
				CLANG_WARN_BOOL_CONVERSION = YES;
				CLANG_WARN_COMMA = YES;
				CLANG_WARN_CONSTANT_CONVERSION = YES;
				CLANG_WARN_DEPRECATED_OBJC_IMPLEMENTATIONS = YES;
				CLANG_WARN_DIRECT_OBJC_ISA_USAGE = YES_ERROR;
				CLANG_WARN_DOCUMENTATION_COMMENTS = YES;
				CLANG_WARN_EMPTY_BODY = YES;
				CLANG_WARN_ENUM_CONVERSION = YES;
				CLANG_WARN_INFINITE_RECURSION = YES;
				CLANG_WARN_INT_CONVERSION = YES;
				CLANG_WARN_NON_LITERAL_NULL_CONVERSION = YES;
				CLANG_WARN_OBJC_IMPLICIT_RETAIN_SELF = YES;
				CLANG_WARN_OBJC_LITERAL_CONVERSION = YES;
				CLANG_WARN_OBJC_ROOT_CLASS = YES_ERROR;
				CLANG_WARN_RANGE_LOOP_ANALYSIS = YES;
				CLANG_WARN_STRICT_PROTOTYPES = YES;
				CLANG_WARN_SUSPICIOUS_MOVE = YES;
				CLANG_WARN_UNGUARDED_AVAILABILITY = YES_AGGRESSIVE;
				CLANG_WARN_UNREACHABLE_CODE = YES;
				CLANG_WARN__DUPLICATE_METHOD_MATCH = YES;
				CODE_SIGN_IDENTITY = "-";
				COPY_PHASE_STRIP = NO;
				DEBUG_INFORMATION_FORMAT = dwarf;
				ENABLE_STRICT_OBJC_MSGSEND = YES;
				ENABLE_TESTABILITY = YES;
				GCC_C_LANGUAGE_STANDARD = gnu11;
				GCC_DYNAMIC_NO_PIC = NO;
				GCC_NO_COMMON_BLOCKS = YES;
				GCC_OPTIMIZATION_LEVEL = 0;
				GCC_PREPROCESSOR_DEFINITIONS = (
					"DEBUG=1",
					"$(inherited)",
				);
				GCC_WARN_64_TO_32_BIT_CONVERSION = YES;
				GCC_WARN_ABOUT_RETURN_TYPE = YES_ERROR;
				GCC_WARN_UNDECLARED_SELECTOR = YES;
				GCC_WARN_UNINITIALIZED_AUTOS = YES_AGGRESSIVE;
				GCC_WARN_UNUSED_FUNCTION = YES;
				GCC_WARN_UNUSED_VARIABLE = YES;
				MACOSX_DEPLOYMENT_TARGET = 10.13;
				MTL_ENABLE_DEBUG_INFO = INCLUDE_SOURCE;
				MTL_FAST_MATH = YES;
				ONLY_ACTIVE_ARCH = YES;
				SDKROOT = macosx;
			};
			name = Debug;
		};
		62B3AC7224A9D63A00F8617D /* Release */ = {
			isa = XCBuildConfiguration;
			buildSettings = {
				ALWAYS_SEARCH_USER_PATHS = NO;
				CLANG_ANALYZER_NONNULL = YES;
				CLANG_ANALYZER_NUMBER_OBJECT_CONVERSION = YES_AGGRESSIVE;
				CLANG_CXX_LANGUAGE_STANDARD = "gnu++14";
				CLANG_CXX_LIBRARY = "libc++";
				CLANG_ENABLE_MODULES = YES;
				CLANG_ENABLE_OBJC_ARC = YES;
				CLANG_ENABLE_OBJC_WEAK = YES;
				CLANG_WARN_BLOCK_CAPTURE_AUTORELEASING = YES;
				CLANG_WARN_BOOL_CONVERSION = YES;
				CLANG_WARN_COMMA = YES;
				CLANG_WARN_CONSTANT_CONVERSION = YES;
				CLANG_WARN_DEPRECATED_OBJC_IMPLEMENTATIONS = YES;
				CLANG_WARN_DIRECT_OBJC_ISA_USAGE = YES_ERROR;
				CLANG_WARN_DOCUMENTATION_COMMENTS = YES;
				CLANG_WARN_EMPTY_BODY = YES;
				CLANG_WARN_ENUM_CONVERSION = YES;
				CLANG_WARN_INFINITE_RECURSION = YES;
				CLANG_WARN_INT_CONVERSION = YES;
				CLANG_WARN_NON_LITERAL_NULL_CONVERSION = YES;
				CLANG_WARN_OBJC_IMPLICIT_RETAIN_SELF = YES;
				CLANG_WARN_OBJC_LITERAL_CONVERSION = YES;
				CLANG_WARN_OBJC_ROOT_CLASS = YES_ERROR;
				CLANG_WARN_RANGE_LOOP_ANALYSIS = YES;
				CLANG_WARN_STRICT_PROTOTYPES = YES;
				CLANG_WARN_SUSPICIOUS_MOVE = YES;
				CLANG_WARN_UNGUARDED_AVAILABILITY = YES_AGGRESSIVE;
				CLANG_WARN_UNREACHABLE_CODE = YES;
				CLANG_WARN__DUPLICATE_METHOD_MATCH = YES;
				CODE_SIGN_IDENTITY = "-";
				COPY_PHASE_STRIP = NO;
				DEBUG_INFORMATION_FORMAT = "dwarf-with-dsym";
				ENABLE_NS_ASSERTIONS = NO;
				ENABLE_STRICT_OBJC_MSGSEND = YES;
				GCC_C_LANGUAGE_STANDARD = gnu11;
				GCC_NO_COMMON_BLOCKS = YES;
				GCC_WARN_64_TO_32_BIT_CONVERSION = YES;
				GCC_WARN_ABOUT_RETURN_TYPE = YES_ERROR;
				GCC_WARN_UNDECLARED_SELECTOR = YES;
				GCC_WARN_UNINITIALIZED_AUTOS = YES_AGGRESSIVE;
				GCC_WARN_UNUSED_FUNCTION = YES;
				GCC_WARN_UNUSED_VARIABLE = YES;
				MACOSX_DEPLOYMENT_TARGET = 10.13;
				MTL_ENABLE_DEBUG_INFO = NO;
				MTL_FAST_MATH = YES;
				SDKROOT = macosx;
			};
			name = Release;
		};
		62B3AC7424A9D63A00F8617D /* Debug */ = {
			isa = XCBuildConfiguration;
			buildSettings = {
				CODE_SIGN_STYLE = Automatic;
				PRODUCT_NAME = "$(TARGET_NAME)";
			};
			name = Debug;
		};
		62B3AC7524A9D63A00F8617D /* Release */ = {
			isa = XCBuildConfiguration;
			buildSettings = {
				CODE_SIGN_STYLE = Automatic;
				PRODUCT_NAME = "$(TARGET_NAME)";
			};
			name = Release;
		};
/* End XCBuildConfiguration section */

/* Begin XCConfigurationList section */
		62B3AC6724A9D63A00F8617D /* Build configuration list for PBXProject "CanonicalFormComputing_mac" */ = {
			isa = XCConfigurationList;
			buildConfigurations = (
				62B3AC7124A9D63A00F8617D /* Debug */,
				62B3AC7224A9D63A00F8617D /* Release */,
			);
			defaultConfigurationIsVisible = 0;
			defaultConfigurationName = Release;
		};
		62B3AC7324A9D63A00F8617D /* Build configuration list for PBXNativeTarget "CanonicalFormComputing_mac" */ = {
			isa = XCConfigurationList;
			buildConfigurations = (
				62B3AC7424A9D63A00F8617D /* Debug */,
				62B3AC7524A9D63A00F8617D /* Release */,
			);
			defaultConfigurationIsVisible = 0;
			defaultConfigurationName = Release;
		};
/* End XCConfigurationList section */
	};
	rootObject = 62B3AC6424A9D63A00F8617D /* Project object */;
}
